
Microsoft Visual Studio Solution File, Format Version 12.00
# Visual Studio Version 16
VisualStudioVersion = 16.0.29806.167
MinimumVisualStudioVersion = 10.0.40219.1
Project("{FAE04EC0-301F-11D3-BF4B-00C04F79EFBC}") = "Git.FirstDemo", "Git.FirstDemo\Git.FirstDemo.csproj", "{EFAC4E97-895B-4EE4-B018-6EB99C1163A7}"
EndProject
Global
	GlobalSection(SolutionConfigurationPlatforms) = preSolution
		Debug|Any CPU = Debug|Any CPU
		Release|Any CPU = Release|Any CPU
	EndGlobalSection
	GlobalSection(ProjectConfigurationPlatforms) = postSolution
		{EFAC4E97-895B-4EE4-B018-6EB99C1163A7}.Debug|Any CPU.ActiveCfg = Debug|Any CPU
		{EFAC4E97-895B-4EE4-B018-6EB99C1163A7}.Debug|Any CPU.Build.0 = Debug|Any CPU
		{EFAC4E97-895B-4EE4-B018-6EB99C1163A7}.Release|Any CPU.ActiveCfg = Release|Any CPU
		{EFAC4E97-895B-4EE4-B018-6EB99C1163A7}.Release|Any CPU.Build.0 = Release|Any CPU
	EndGlobalSection
	GlobalSection(SolutionProperties) = preSolution
		HideSolutionNode = FALSE
	EndGlobalSection
	GlobalSection(ExtensibilityGlobals) = postSolution
		SolutionGuid = {EDD4FB94-6B5C-4910-A49B-C071059875FF}
	EndGlobalSection
EndGlobal
